// !$*UTF8*$!
{
	archiveVersion = 1;
	classes = {
	};
	objectVersion = 48;
	objects = {

/* Begin PBXBuildFile section */
		D616D7942079CAC900875DCC /* AppDelegate.swift in Sources */ = {isa = PBXBuildFile; fileRef = D616D7932079CAC900875DCC /* AppDelegate.swift */; };
		D616D7962079CAC900875DCC /* ViewController.swift in Sources */ = {isa = PBXBuildFile; fileRef = D616D7952079CAC900875DCC /* ViewController.swift */; };
		D616D7992079CAC900875DCC /* Main.storyboard in Resources */ = {isa = PBXBuildFile; fileRef = D616D7972079CAC900875DCC /* Main.storyboard */; };
		D616D79B2079CAC900875DCC /* Assets.xcassets in Resources */ = {isa = PBXBuildFile; fileRef = D616D79A2079CAC900875DCC /* Assets.xcassets */; };
		D616D79E2079CAC900875DCC /* LaunchScreen.storyboard in Resources */ = {isa = PBXBuildFile; fileRef = D616D79C2079CAC900875DCC /* LaunchScreen.storyboard */; };
		D616D7A72079D60100875DCC /* ViewController.swift in Sources */ = {isa = PBXBuildFile; fileRef = D616D7952079CAC900875DCC /* ViewController.swift */; };
		D616D7A82079D60100875DCC /* AppDelegate.swift in Sources */ = {isa = PBXBuildFile; fileRef = D616D7932079CAC900875DCC /* AppDelegate.swift */; };
		D616D7AB2079D60100875DCC /* LaunchScreen.storyboard in Resources */ = {isa = PBXBuildFile; fileRef = D616D79C2079CAC900875DCC /* LaunchScreen.storyboard */; };
		D616D7AC2079D60100875DCC /* Assets.xcassets in Resources */ = {isa = PBXBuildFile; fileRef = D616D79A2079CAC900875DCC /* Assets.xcassets */; };
		D616D7AD2079D60100875DCC /* Main.storyboard in Resources */ = {isa = PBXBuildFile; fileRef = D616D7972079CAC900875DCC /* Main.storyboard */; };
/* End PBXBuildFile section */

/* Begin PBXFileReference section */
		D616D7902079CAC900875DCC /* TestVCApp.app */ = {isa = PBXFileReference; explicitFileType = wrapper.application; includeInIndex = 0; path = TestVCApp.app; sourceTree = BUILT_PRODUCTS_DIR; };
		D616D7932079CAC900875DCC /* AppDelegate.swift */ = {isa = PBXFileReference; lastKnownFileType = sourcecode.swift; path = AppDelegate.swift; sourceTree = "<group>"; };
		D616D7952079CAC900875DCC /* ViewController.swift */ = {isa = PBXFileReference; lastKnownFileType = sourcecode.swift; path = ViewController.swift; sourceTree = "<group>"; };
		D616D7982079CAC900875DCC /* Base */ = {isa = PBXFileReference; lastKnownFileType = file.storyboard; name = Base; path = Base.lproj/Main.storyboard; sourceTree = "<group>"; };
		D616D79A2079CAC900875DCC /* Assets.xcassets */ = {isa = PBXFileReference; lastKnownFileType = folder.assetcatalog; path = Assets.xcassets; sourceTree = "<group>"; };
		D616D79D2079CAC900875DCC /* Base */ = {isa = PBXFileReference; lastKnownFileType = file.storyboard; name = Base; path = Base.lproj/LaunchScreen.storyboard; sourceTree = "<group>"; };
		D616D79F2079CAC900875DCC /* Info.plist */ = {isa = PBXFileReference; lastKnownFileType = text.plist.xml; path = Info.plist; sourceTree = "<group>"; };
		D616D7B12079D60100875DCC /* TestVCApp-branch.app */ = {isa = PBXFileReference; explicitFileType = wrapper.application; includeInIndex = 0; path = "TestVCApp-branch.app"; sourceTree = BUILT_PRODUCTS_DIR; };
		D616D7B22079D60100875DCC /* TestVCApp copy-Info.plist */ = {isa = PBXFileReference; lastKnownFileType = text.plist.xml; name = "TestVCApp copy-Info.plist"; path = "/Users/mcBontempi/Temp/TestVSApp/TestVCApp/TestVCApp copy-Info.plist"; sourceTree = "<absolute>"; };
/* End PBXFileReference section */

/* Begin PBXFrameworksBuildPhase section */
		D616D78D2079CAC900875DCC /* Frameworks */ = {
			isa = PBXFrameworksBuildPhase;
			buildActionMask = 2147483647;
			files = (
			);
			runOnlyForDeploymentPostprocessing = 0;
		};
		D616D7A92079D60100875DCC /* Frameworks */ = {
			isa = PBXFrameworksBuildPhase;
			buildActionMask = 2147483647;
			files = (
			);
			runOnlyForDeploymentPostprocessing = 0;
		};
/* End PBXFrameworksBuildPhase section */

/* Begin PBXGroup section */
		D616D7872079CAC900875DCC = {
			isa = PBXGroup;
			children = (
				D616D7922079CAC900875DCC /* TestVCApp */,
				D616D7912079CAC900875DCC /* Products */,
				D616D7B22079D60100875DCC /* TestVCApp copy-Info.plist */,
			);
			sourceTree = "<group>";
		};
		D616D7912079CAC900875DCC /* Products */ = {
			isa = PBXGroup;
			children = (
				D616D7902079CAC900875DCC /* TestVCApp.app */,
				D616D7B12079D60100875DCC /* TestVCApp-branch.app */,
			);
			name = Products;
			sourceTree = "<group>";
		};
		D616D7922079CAC900875DCC /* TestVCApp */ = {
			isa = PBXGroup;
			children = (
				D616D7932079CAC900875DCC /* AppDelegate.swift */,
				D616D7952079CAC900875DCC /* ViewController.swift */,
				D616D7972079CAC900875DCC /* Main.storyboard */,
				D616D79A2079CAC900875DCC /* Assets.xcassets */,
				D616D79C2079CAC900875DCC /* LaunchScreen.storyboard */,
				D616D79F2079CAC900875DCC /* Info.plist */,
			);
			path = TestVCApp;
			sourceTree = "<group>";
		};
/* End PBXGroup section */

/* Begin PBXNativeTarget section */
		D616D78F2079CAC900875DCC /* TestVCApp */ = {
			isa = PBXNativeTarget;
			buildConfigurationList = D616D7A22079CAC900875DCC /* Build configuration list for PBXNativeTarget "TestVCApp" */;
			buildPhases = (
				D616D78C2079CAC900875DCC /* Sources */,
				D616D78D2079CAC900875DCC /* Frameworks */,
				D616D78E2079CAC900875DCC /* Resources */,
			);
			buildRules = (
			);
			dependencies = (
			);
			name = TestVCApp;
			productName = TestVCApp;
			productReference = D616D7902079CAC900875DCC /* TestVCApp.app */;
			productType = "com.apple.product-type.application";
		};
		D616D7A52079D60100875DCC /* TestVCApp-branch */ = {
			isa = PBXNativeTarget;
			buildConfigurationList = D616D7AE2079D60100875DCC /* Build configuration list for PBXNativeTarget "TestVCApp-branch" */;
			buildPhases = (
				D616D7A62079D60100875DCC /* Sources */,
				D616D7A92079D60100875DCC /* Frameworks */,
				D616D7AA2079D60100875DCC /* Resources */,
			);
			buildRules = (
			);
			dependencies = (
			);
			name = "TestVCApp-branch";
			productName = TestVCApp;
			productReference = D616D7B12079D60100875DCC /* TestVCApp-branch.app */;
			productType = "com.apple.product-type.application";
		};
/* End PBXNativeTarget section */

/* Begin PBXProject section */
		D616D7882079CAC900875DCC /* Project object */ = {
			isa = PBXProject;
			attributes = {
				LastSwiftUpdateCheck = 0920;
				LastUpgradeCheck = 0920;
				ORGANIZATIONNAME = mcBontempi;
				TargetAttributes = {
					D616D78F2079CAC900875DCC = {
						CreatedOnToolsVersion = 9.2;
						ProvisioningStyle = Automatic;
					};
					D616D7A52079D60100875DCC = {
						ProvisioningStyle = Manual;
					};
				};
			};
			buildConfigurationList = D616D78B2079CAC900875DCC /* Build configuration list for PBXProject "TestVCApp" */;
			compatibilityVersion = "Xcode 8.0";
			developmentRegion = en;
			hasScannedForEncodings = 0;
			knownRegions = (
				en,
				Base,
			);
			mainGroup = D616D7872079CAC900875DCC;
			productRefGroup = D616D7912079CAC900875DCC /* Products */;
			projectDirPath = "";
			projectRoot = "";
			targets = (
				D616D78F2079CAC900875DCC /* TestVCApp */,
				D616D7A52079D60100875DCC /* TestVCApp-branch */,
			);
		};
/* End PBXProject section */

/* Begin PBXResourcesBuildPhase section */
		D616D78E2079CAC900875DCC /* Resources */ = {
			isa = PBXResourcesBuildPhase;
			buildActionMask = 2147483647;
			files = (
				D616D79E2079CAC900875DCC /* LaunchScreen.storyboard in Resources */,
				D616D79B2079CAC900875DCC /* Assets.xcassets in Resources */,
				D616D7992079CAC900875DCC /* Main.storyboard in Resources */,
			);
			runOnlyForDeploymentPostprocessing = 0;
		};
		D616D7AA2079D60100875DCC /* Resources */ = {
			isa = PBXResourcesBuildPhase;
			buildActionMask = 2147483647;
			files = (
				D616D7AB2079D60100875DCC /* LaunchScreen.storyboard in Resources */,
				D616D7AC2079D60100875DCC /* Assets.xcassets in Resources */,
				D616D7AD2079D60100875DCC /* Main.storyboard in Resources */,
			);
			runOnlyForDeploymentPostprocessing = 0;
		};
/* End PBXResourcesBuildPhase section */

/* Begin PBXSourcesBuildPhase section */
		D616D78C2079CAC900875DCC /* Sources */ = {
			isa = PBXSourcesBuildPhase;
			buildActionMask = 2147483647;
			files = (
				D616D7962079CAC900875DCC /* ViewController.swift in Sources */,
				D616D7942079CAC900875DCC /* AppDelegate.swift in Sources */,
			);
			runOnlyForDeploymentPostprocessing = 0;
		};
		D616D7A62079D60100875DCC /* Sources */ = {
			isa = PBXSourcesBuildPhase;
			buildActionMask = 2147483647;
			files = (
				D616D7A72079D60100875DCC /* ViewController.swift in Sources */,
				D616D7A82079D60100875DCC /* AppDelegate.swift in Sources */,
			);
			runOnlyForDeploymentPostprocessing = 0;
		};
/* End PBXSourcesBuildPhase section */

/* Begin PBXVariantGroup section */
		D616D7972079CAC900875DCC /* Main.storyboard */ = {
			isa = PBXVariantGroup;
			children = (
				D616D7982079CAC900875DCC /* Base */,
			);
			name = Main.storyboard;
			sourceTree = "<group>";
		};
		D616D79C2079CAC900875DCC /* LaunchScreen.storyboard */ = {
			isa = PBXVariantGroup;
			children = (
				D616D79D2079CAC900875DCC /* Base */,
			);
			name = LaunchScreen.storyboard;
			sourceTree = "<group>";
		};
/* End PBXVariantGroup section */

/* Begin XCBuildConfiguration section */
		D616D7A02079CAC900875DCC /* Debug */ = {
			isa = XCBuildConfiguration;
			buildSettings = {
				ALWAYS_SEARCH_USER_PATHS = NO;
				CLANG_ANALYZER_NONNULL = YES;
				CLANG_ANALYZER_NUMBER_OBJECT_CONVERSION = YES_AGGRESSIVE;
				CLANG_CXX_LANGUAGE_STANDARD = "gnu++14";
				CLANG_CXX_LIBRARY = "libc++";
				CLANG_ENABLE_MODULES = YES;
				CLANG_ENABLE_OBJC_ARC = YES;
				CLANG_WARN_BLOCK_CAPTURE_AUTORELEASING = YES;
				CLANG_WARN_BOOL_CONVERSION = YES;
				CLANG_WARN_COMMA = YES;
				CLANG_WARN_CONSTANT_CONVERSION = YES;
				CLANG_WARN_DIRECT_OBJC_ISA_USAGE = YES_ERROR;
				CLANG_WARN_DOCUMENTATION_COMMENTS = YES;
				CLANG_WARN_EMPTY_BODY = YES;
				CLANG_WARN_ENUM_CONVERSION = YES;
				CLANG_WARN_INFINITE_RECURSION = YES;
				CLANG_WARN_INT_CONVERSION = YES;
				CLANG_WARN_NON_LITERAL_NULL_CONVERSION = YES;
				CLANG_WARN_OBJC_LITERAL_CONVERSION = YES;
				CLANG_WARN_OBJC_ROOT_CLASS = YES_ERROR;
				CLANG_WARN_RANGE_LOOP_ANALYSIS = YES;
				CLANG_WARN_STRICT_PROTOTYPES = YES;
				CLANG_WARN_SUSPICIOUS_MOVE = YES;
				CLANG_WARN_UNGUARDED_AVAILABILITY = YES_AGGRESSIVE;
				CLANG_WARN_UNREACHABLE_CODE = YES;
				CLANG_WARN__DUPLICATE_METHOD_MATCH = YES;
				CODE_SIGN_IDENTITY = "iPhone Developer";
				COPY_PHASE_STRIP = NO;
				DEBUG_INFORMATION_FORMAT = dwarf;
				ENABLE_STRICT_OBJC_MSGSEND = YES;
				ENABLE_TESTABILITY = YES;
				GCC_C_LANGUAGE_STANDARD = gnu11;
				GCC_DYNAMIC_NO_PIC = NO;
				GCC_NO_COMMON_BLOCKS = YES;
				GCC_OPTIMIZATION_LEVEL = 0;
				GCC_PREPROCESSOR_DEFINITIONS = (
					"DEBUG=1",
					"$(inherited)",
				);
				GCC_WARN_64_TO_32_BIT_CONVERSION = YES;
				GCC_WARN_ABOUT_RETURN_TYPE = YES_ERROR;
				GCC_WARN_UNDECLARED_SELECTOR = YES;
				GCC_WARN_UNINITIALIZED_AUTOS = YES_AGGRESSIVE;
				GCC_WARN_UNUSED_FUNCTION = YES;
				GCC_WARN_UNUSED_VARIABLE = YES;
				IPHONEOS_DEPLOYMENT_TARGET = 11.2;
				MTL_ENABLE_DEBUG_INFO = YES;
				ONLY_ACTIVE_ARCH = YES;
				SDKROOT = iphoneos;
				SWIFT_ACTIVE_COMPILATION_CONDITIONS = DEBUG;
				SWIFT_OPTIMIZATION_LEVEL = "-Onone";
			};
			name = Debug;
		};
		D616D7A12079CAC900875DCC /* Release */ = {
			isa = XCBuildConfiguration;
			buildSettings = {
				ALWAYS_SEARCH_USER_PATHS = NO;
				CLANG_ANALYZER_NONNULL = YES;
				CLANG_ANALYZER_NUMBER_OBJECT_CONVERSION = YES_AGGRESSIVE;
				CLANG_CXX_LANGUAGE_STANDARD = "gnu++14";
				CLANG_CXX_LIBRARY = "libc++";
				CLANG_ENABLE_MODULES = YES;
				CLANG_ENABLE_OBJC_ARC = YES;
				CLANG_WARN_BLOCK_CAPTURE_AUTORELEASING = YES;
				CLANG_WARN_BOOL_CONVERSION = YES;
				CLANG_WARN_COMMA = YES;
				CLANG_WARN_CONSTANT_CONVERSION = YES;
				CLANG_WARN_DIRECT_OBJC_ISA_USAGE = YES_ERROR;
				CLANG_WARN_DOCUMENTATION_COMMENTS = YES;
				CLANG_WARN_EMPTY_BODY = YES;
				CLANG_WARN_ENUM_CONVERSION = YES;
				CLANG_WARN_INFINITE_RECURSION = YES;
				CLANG_WARN_INT_CONVERSION = YES;
				CLANG_WARN_NON_LITERAL_NULL_CONVERSION = YES;
				CLANG_WARN_OBJC_LITERAL_CONVERSION = YES;
				CLANG_WARN_OBJC_ROOT_CLASS = YES_ERROR;
				CLANG_WARN_RANGE_LOOP_ANALYSIS = YES;
				CLANG_WARN_STRICT_PROTOTYPES = YES;
				CLANG_WARN_SUSPICIOUS_MOVE = YES;
				CLANG_WARN_UNGUARDED_AVAILABILITY = YES_AGGRESSIVE;
				CLANG_WARN_UNREACHABLE_CODE = YES;
				CLANG_WARN__DUPLICATE_METHOD_MATCH = YES;
				CODE_SIGN_IDENTITY = "iPhone Developer";
				COPY_PHASE_STRIP = NO;
				DEBUG_INFORMATION_FORMAT = "dwarf-with-dsym";
				ENABLE_NS_ASSERTIONS = NO;
				ENABLE_STRICT_OBJC_MSGSEND = YES;
				GCC_C_LANGUAGE_STANDARD = gnu11;
				GCC_NO_COMMON_BLOCKS = YES;
				GCC_WARN_64_TO_32_BIT_CONVERSION = YES;
				GCC_WARN_ABOUT_RETURN_TYPE = YES_ERROR;
				GCC_WARN_UNDECLARED_SELECTOR = YES;
				GCC_WARN_UNINITIALIZED_AUTOS = YES_AGGRESSIVE;
				GCC_WARN_UNUSED_FUNCTION = YES;
				GCC_WARN_UNUSED_VARIABLE = YES;
				IPHONEOS_DEPLOYMENT_TARGET = 11.2;
				MTL_ENABLE_DEBUG_INFO = NO;
				SDKROOT = iphoneos;
				SWIFT_OPTIMIZATION_LEVEL = "-Owholemodule";
				VALIDATE_PRODUCT = YES;
			};
			name = Release;
		};
		D616D7A32079CAC900875DCC /* Debug */ = {
			isa = XCBuildConfiguration;
			buildSettings = {
				ASSETCATALOG_COMPILER_APPICON_NAME = AppIcon;
				CODE_SIGN_IDENTITY = "iPhone Developer";
				"CODE_SIGN_IDENTITY[sdk=iphoneos*]" = "iPhone Developer";
				CODE_SIGN_STYLE = Automatic;
				DEVELOPMENT_TEAM = 3U786KR73N;
				INFOPLIST_FILE = TestVCApp/Info.plist;
				LD_RUNPATH_SEARCH_PATHS = "$(inherited) @executable_path/Frameworks";
				PRODUCT_BUNDLE_IDENTIFIER = com.DDT.TestVCApp;
				PRODUCT_NAME = "$(TARGET_NAME)";
				PROVISIONING_PROFILE = "";
				PROVISIONING_PROFILE_SPECIFIER = "";
				SWIFT_VERSION = 4.0;
				TARGETED_DEVICE_FAMILY = "1,2";
			};
			name = Debug;
		};
		D616D7A42079CAC900875DCC /* Release */ = {
			isa = XCBuildConfiguration;
			buildSettings = {
				ASSETCATALOG_COMPILER_APPICON_NAME = AppIcon;
				CODE_SIGN_IDENTITY = "iPhone Developer";
				"CODE_SIGN_IDENTITY[sdk=iphoneos*]" = "iPhone Developer";
				CODE_SIGN_STYLE = Automatic;
				DEVELOPMENT_TEAM = 3U786KR73N;
				INFOPLIST_FILE = TestVCApp/Info.plist;
				LD_RUNPATH_SEARCH_PATHS = "$(inherited) @executable_path/Frameworks";
				PRODUCT_BUNDLE_IDENTIFIER = com.DDT.TestVCApp;
				PRODUCT_NAME = "$(TARGET_NAME)";
				PROVISIONING_PROFILE = "";
				PROVISIONING_PROFILE_SPECIFIER = "";
				SWIFT_VERSION = 4.0;
				TARGETED_DEVICE_FAMILY = "1,2";
			};
			name = Release;
		};
		D616D7AF2079D60100875DCC /* Debug */ = {
			isa = XCBuildConfiguration;
			buildSettings = {
				ASSETCATALOG_COMPILER_APPICON_NAME = AppIcon;
				"CODE_SIGN_IDENTITY[sdk=iphoneos*]" = "iPhone Developer";
				CODE_SIGN_STYLE = Manual;
				DEVELOPMENT_TEAM = 3U786KR73N;
				INFOPLIST_FILE = "TestVCApp copy-Info.plist";
				LD_RUNPATH_SEARCH_PATHS = "$(inherited) @executable_path/Frameworks";
				PRODUCT_BUNDLE_IDENTIFIER = com.DDT.TestVCAppbranch;
				PRODUCT_NAME = "$(TARGET_NAME)";
				PROVISIONING_PROFILE = "17efde76-3daf-41a1-9009-672e8c5d13ef";
				PROVISIONING_PROFILE_SPECIFIER = "test app branch profile";
				SWIFT_VERSION = 4.0;
				TARGETED_DEVICE_FAMILY = "1,2";
			};
			name = Debug;
		};
		D616D7B02079D60100875DCC /* Release */ = {
			isa = XCBuildConfiguration;
			buildSettings = {
				ASSETCATALOG_COMPILER_APPICON_NAME = AppIcon;
				"CODE_SIGN_IDENTITY[sdk=iphoneos*]" = "iPhone Developer";
				CODE_SIGN_STYLE = Manual;
				DEVELOPMENT_TEAM = 3U786KR73N;
				INFOPLIST_FILE = "TestVCApp copy-Info.plist";
				LD_RUNPATH_SEARCH_PATHS = "$(inherited) @executable_path/Frameworks";
				PRODUCT_BUNDLE_IDENTIFIER = com.DDT.TestVCAppbranch;
				PRODUCT_NAME = "$(TARGET_NAME)";
				PROVISIONING_PROFILE = "17efde76-3daf-41a1-9009-672e8c5d13ef";
				PROVISIONING_PROFILE_SPECIFIER = "test app branch profile";
				SWIFT_VERSION = 4.0;
				TARGETED_DEVICE_FAMILY = "1,2";
			};
			name = Release;
		};
/* End XCBuildConfiguration section */

/* Begin XCConfigurationList section */
		D616D78B2079CAC900875DCC /* Build configuration list for PBXProject "TestVCApp" */ = {
			isa = XCConfigurationList;
			buildConfigurations = (
				D616D7A02079CAC900875DCC /* Debug */,
				D616D7A12079CAC900875DCC /* Release */,
			);
			defaultConfigurationIsVisible = 0;
			defaultConfigurationName = Release;
		};
		D616D7A22079CAC900875DCC /* Build configuration list for PBXNativeTarget "TestVCApp" */ = {
			isa = XCConfigurationList;
			buildConfigurations = (
				D616D7A32079CAC900875DCC /* Debug */,
				D616D7A42079CAC900875DCC /* Release */,
			);
			defaultConfigurationIsVisible = 0;
			defaultConfigurationName = Release;
		};
		D616D7AE2079D60100875DCC /* Build configuration list for PBXNativeTarget "TestVCApp-branch" */ = {
			isa = XCConfigurationList;
			buildConfigurations = (
				D616D7AF2079D60100875DCC /* Debug */,
				D616D7B02079D60100875DCC /* Release */,
			);
			defaultConfigurationIsVisible = 0;
			defaultConfigurationName = Release;
		};
/* End XCConfigurationList section */
	};
	rootObject = D616D7882079CAC900875DCC /* Project object */;
}
